
Microsoft Visual Studio Solution File, Format Version 12.00
# Visual Studio Version 16
VisualStudioVersion = 25.0.1705.4
MinimumVisualStudioVersion = 10.0.40219.1
Project("{FAE04EC0-301F-11D3-BF4B-00C04F79EFBC}") = "KLG.Backend.Organization.Models", "KLG.Backend.Organization.Models\KLG.Backend.Organization.Models.csproj", "{39EC4E53-F3EA-4AEF-AB7F-D589E0B2BF6F}"
EndProject
Project("{FAE04EC0-301F-11D3-BF4B-00C04F79EFBC}") = "KLG.Backend.Organization.Services", "KLG.Backend.Organization.Services\KLG.Backend.Organization.Services.csproj", "{4DF7AFD5-5C77-47FB-AB0F-59FC72B19829}"
EndProject
Global
	GlobalSection(SolutionConfigurationPlatforms) = preSolution
		Debug|Any CPU = Debug|Any CPU
		Release|Any CPU = Release|Any CPU
	EndGlobalSection
	GlobalSection(ProjectConfigurationPlatforms) = postSolution
		{39EC4E53-F3EA-4AEF-AB7F-D589E0B2BF6F}.Debug|Any CPU.ActiveCfg = Debug|Any CPU
		{39EC4E53-F3EA-4AEF-AB7F-D589E0B2BF6F}.Debug|Any CPU.Build.0 = Debug|Any CPU
		{39EC4E53-F3EA-4AEF-AB7F-D589E0B2BF6F}.Release|Any CPU.ActiveCfg = Release|Any CPU
		{39EC4E53-F3EA-4AEF-AB7F-D589E0B2BF6F}.Release|Any CPU.Build.0 = Release|Any CPU
		{4DF7AFD5-5C77-47FB-AB0F-59FC72B19829}.Debug|Any CPU.ActiveCfg = Debug|Any CPU
		{4DF7AFD5-5C77-47FB-AB0F-59FC72B19829}.Debug|Any CPU.Build.0 = Debug|Any CPU
		{4DF7AFD5-5C77-47FB-AB0F-59FC72B19829}.Release|Any CPU.ActiveCfg = Release|Any CPU
		{4DF7AFD5-5C77-47FB-AB0F-59FC72B19829}.Release|Any CPU.Build.0 = Release|Any CPU
	EndGlobalSection
	GlobalSection(SolutionProperties) = preSolution
		HideSolutionNode = FALSE
	EndGlobalSection
	GlobalSection(ExtensibilityGlobals) = postSolution
		SolutionGuid = {FECAE533-7491-414C-ADED-E54274A098C3}
	EndGlobalSection
EndGlobal
